
Microsoft Visual Studio Solution File, Format Version 12.00
# Visual Studio Version 17
VisualStudioVersion = 17.3.32819.101
MinimumVisualStudioVersion = 10.0.40219.1
Project("{9A19103F-16F7-4668-BE54-9A1E7A4F7556}") = "Event", "Event\Event.csproj", "{82ECB695-F3E1-4D2F-B23F-2105EF8FC3D5}"
EndProject
Global
	GlobalSection(SolutionConfigurationPlatforms) = preSolution
		Debug|Any CPU = Debug|Any CPU
		Release|Any CPU = Release|Any CPU
	EndGlobalSection
	GlobalSection(ProjectConfigurationPlatforms) = postSolution
		{82ECB695-F3E1-4D2F-B23F-2105EF8FC3D5}.Debug|Any CPU.ActiveCfg = Debug|Any CPU
		{82ECB695-F3E1-4D2F-B23F-2105EF8FC3D5}.Debug|Any CPU.Build.0 = Debug|Any CPU
		{82ECB695-F3E1-4D2F-B23F-2105EF8FC3D5}.Release|Any CPU.ActiveCfg = Release|Any CPU
		{82ECB695-F3E1-4D2F-B23F-2105EF8FC3D5}.Release|Any CPU.Build.0 = Release|Any CPU
	EndGlobalSection
	GlobalSection(SolutionProperties) = preSolution
		HideSolutionNode = FALSE
	EndGlobalSection
	GlobalSection(ExtensibilityGlobals) = postSolution
		SolutionGuid = {3264C7A1-5057-4680-99FD-5CD6FD768674}
	EndGlobalSection
EndGlobal
